# This file is automatically @generated by Cargo.
# It is not intended for manual editing.
version = 3

[[package]]
name = "hirschberg"
version = "0.1.0"
source = "git+https://github.com/nicksenger/hirschberg#5e109c43cbd9ba020591ad8e92de1ea323a2e6f9"

[[package]]
name = "parallelogram"
version = "0.1.0"
dependencies = [
 "hirschberg",
]
